// !$*UTF8*$!
{
	archiveVersion = 1;
	classes = {
	};
	objectVersion = 50;
	objects = {

/* Begin PBXBuildFile section */
		BF256DB3229CD77900794D56 /* AppDelegate.swift in Sources */ = {isa = PBXBuildFile; fileRef = BF256DB2229CD77900794D56 /* AppDelegate.swift */; };
		BF256DBB229CD77900794D56 /* Films.xcdatamodeld in Sources */ = {isa = PBXBuildFile; fileRef = BF256DB9229CD77900794D56 /* Films.xcdatamodeld */; };
		BF256DBD229CD77A00794D56 /* Assets.xcassets in Resources */ = {isa = PBXBuildFile; fileRef = BF256DBC229CD77A00794D56 /* Assets.xcassets */; };
		BF256DC0229CD77A00794D56 /* Launch.storyboard in Resources */ = {isa = PBXBuildFile; fileRef = BF256DBE229CD77A00794D56 /* Launch.storyboard */; };
		BF256DCB229CD77A00794D56 /* FilmsTests.swift in Sources */ = {isa = PBXBuildFile; fileRef = BF256DCA229CD77A00794D56 /* FilmsTests.swift */; };
		BF256DD6229CD77A00794D56 /* FilmsUITests.swift in Sources */ = {isa = PBXBuildFile; fileRef = BF256DD5229CD77A00794D56 /* FilmsUITests.swift */; };
		BF8BFC9C229DE7310035AB90 /* CRAUserDefaultable.swift in Sources */ = {isa = PBXBuildFile; fileRef = BF8BFC9B229DE7310035AB90 /* CRAUserDefaultable.swift */; };
		BF8BFC9E229DEA120035AB90 /* StoryboardIdentifiable++.swift in Sources */ = {isa = PBXBuildFile; fileRef = BF8BFC9D229DEA120035AB90 /* StoryboardIdentifiable++.swift */; };
		BF8BFCA0229E1B250035AB90 /* CRANetworkingProviderResponse.swift in Sources */ = {isa = PBXBuildFile; fileRef = BF8BFC9F229E1B250035AB90 /* CRANetworkingProviderResponse.swift */; };
		BF8BFCA5229E2DCC0035AB90 /* CRAGenericCollectionDataSource.swift in Sources */ = {isa = PBXBuildFile; fileRef = BF8BFCA4229E2DCC0035AB90 /* CRAGenericCollectionDataSource.swift */; };
		BF8BFCA7229E2DFF0035AB90 /* CRAGenericCollectionCellProtocol.swift in Sources */ = {isa = PBXBuildFile; fileRef = BF8BFCA6229E2DFF0035AB90 /* CRAGenericCollectionCellProtocol.swift */; };
		BF8BFCAA229E2E490035AB90 /* CRAGenericTableViewSource.swift in Sources */ = {isa = PBXBuildFile; fileRef = BF8BFCA9229E2E480035AB90 /* CRAGenericTableViewSource.swift */; };
		BF8BFCAD229E2EA40035AB90 /* CRAGenericCollectionViewSource.swift in Sources */ = {isa = PBXBuildFile; fileRef = BF8BFCAC229E2EA40035AB90 /* CRAGenericCollectionViewSource.swift */; };
		BF8BFCB0229E32700035AB90 /* CANestedCollectionViewDataSource.swift in Sources */ = {isa = PBXBuildFile; fileRef = BF8BFCAF229E32700035AB90 /* CANestedCollectionViewDataSource.swift */; };
		BF8BFCB2229E3AD50035AB90 /* CRANestedCollectionViewDataSource.swift in Sources */ = {isa = PBXBuildFile; fileRef = BF8BFCB1229E3AD50035AB90 /* CRANestedCollectionViewDataSource.swift */; };
		BF8BFCB4229E3AEC0035AB90 /* CRANestedCollectionViewDelegate.swift in Sources */ = {isa = PBXBuildFile; fileRef = BF8BFCB3229E3AEC0035AB90 /* CRANestedCollectionViewDelegate.swift */; };
		BF8BFCB9229E41010035AB90 /* CRANestedCollectionViewRowCellDataSource.swift in Sources */ = {isa = PBXBuildFile; fileRef = BF8BFCB8229E41010035AB90 /* CRANestedCollectionViewRowCellDataSource.swift */; };
		BF8BFCBB229E41140035AB90 /* CRANestedCollectionViewRowCellDelegate.swift in Sources */ = {isa = PBXBuildFile; fileRef = BF8BFCBA229E41130035AB90 /* CRANestedCollectionViewRowCellDelegate.swift */; };
		BF8BFCC9229E425F0035AB90 /* MoviesInput.swift in Sources */ = {isa = PBXBuildFile; fileRef = BF8BFCBF229E425F0035AB90 /* MoviesInput.swift */; };
		BF8BFCCA229E425F0035AB90 /* MoviesPresenter.swift in Sources */ = {isa = PBXBuildFile; fileRef = BF8BFCC0229E425F0035AB90 /* MoviesPresenter.swift */; };
		BF8BFCCB229E425F0035AB90 /* MoviesRouter.swift in Sources */ = {isa = PBXBuildFile; fileRef = BF8BFCC1229E425F0035AB90 /* MoviesRouter.swift */; };
		BF8BFCCC229E425F0035AB90 /* Movies.storyboard in Resources */ = {isa = PBXBuildFile; fileRef = BF8BFCC2229E425F0035AB90 /* Movies.storyboard */; };
		BF8BFCCD229E425F0035AB90 /* MoviesViewController.swift in Sources */ = {isa = PBXBuildFile; fileRef = BF8BFCC3229E425F0035AB90 /* MoviesViewController.swift */; };
		BF8BFCCE229E425F0035AB90 /* MoviesProtocols.swift in Sources */ = {isa = PBXBuildFile; fileRef = BF8BFCC4229E425F0035AB90 /* MoviesProtocols.swift */; };
		BF8BFCCF229E425F0035AB90 /* MoviesBuilder.swift in Sources */ = {isa = PBXBuildFile; fileRef = BF8BFCC5229E425F0035AB90 /* MoviesBuilder.swift */; };
		BF8BFCD0229E425F0035AB90 /* MoviesInteractor.swift in Sources */ = {isa = PBXBuildFile; fileRef = BF8BFCC6229E425F0035AB90 /* MoviesInteractor.swift */; };
		BF8BFCD1229E425F0035AB90 /* MoviesOutput.swift in Sources */ = {isa = PBXBuildFile; fileRef = BF8BFCC7229E425F0035AB90 /* MoviesOutput.swift */; };
		BF8BFCD2229E425F0035AB90 /* MoviesViewModel.swift in Sources */ = {isa = PBXBuildFile; fileRef = BF8BFCC8229E425F0035AB90 /* MoviesViewModel.swift */; };
		BF8BFCD4229E45190035AB90 /* UIStoryboard+Identifiers.swift in Sources */ = {isa = PBXBuildFile; fileRef = BF8BFCD3229E45190035AB90 /* UIStoryboard+Identifiers.swift */; };
		BF8BFCE2229E462F0035AB90 /* NavigationPresenter.swift in Sources */ = {isa = PBXBuildFile; fileRef = BF8BFCD8229E462F0035AB90 /* NavigationPresenter.swift */; };
		BF8BFCE3229E462F0035AB90 /* NavigationRouter.swift in Sources */ = {isa = PBXBuildFile; fileRef = BF8BFCD9229E462F0035AB90 /* NavigationRouter.swift */; };
		BF8BFCE4229E462F0035AB90 /* Navigation.storyboard in Resources */ = {isa = PBXBuildFile; fileRef = BF8BFCDA229E462F0035AB90 /* Navigation.storyboard */; };
		BF8BFCE5229E462F0035AB90 /* NavigationViewController.swift in Sources */ = {isa = PBXBuildFile; fileRef = BF8BFCDB229E462F0035AB90 /* NavigationViewController.swift */; };
		BF8BFCE6229E462F0035AB90 /* NavigationProtocols.swift in Sources */ = {isa = PBXBuildFile; fileRef = BF8BFCDC229E462F0035AB90 /* NavigationProtocols.swift */; };
		BF8BFCE7229E462F0035AB90 /* NavigationBuilder.swift in Sources */ = {isa = PBXBuildFile; fileRef = BF8BFCDD229E462F0035AB90 /* NavigationBuilder.swift */; };
		BF8BFCE8229E462F0035AB90 /* NavigationInteractor.swift in Sources */ = {isa = PBXBuildFile; fileRef = BF8BFCDE229E462F0035AB90 /* NavigationInteractor.swift */; };
		BF8BFCED229F03D80035AB90 /* CRANavigationDropdownViewController.swift in Sources */ = {isa = PBXBuildFile; fileRef = BF8BFCEC229F03D80035AB90 /* CRANavigationDropdownViewController.swift */; };
		BF8BFD30229F52DB0035AB90 /* CRANavigationDropdownCell.swift in Sources */ = {isa = PBXBuildFile; fileRef = BF8BFD2F229F52DB0035AB90 /* CRANavigationDropdownCell.swift */; };
		BFB7B728229DC85D001CCD49 /* CRAMemoryCache.swift in Sources */ = {isa = PBXBuildFile; fileRef = BFB7B727229DC85D001CCD49 /* CRAMemoryCache.swift */; };
		BFB7B72B229DCC34001CCD49 /* UIImageView+MemoryCache.swift in Sources */ = {isa = PBXBuildFile; fileRef = BFB7B72A229DCC34001CCD49 /* UIImageView+MemoryCache.swift */; };
		BFB7B72D229DE04B001CCD49 /* CRACache.swift in Sources */ = {isa = PBXBuildFile; fileRef = BFB7B72C229DE04B001CCD49 /* CRACache.swift */; };
		BFB7B72F229DE13B001CCD49 /* CRADiskCache.swift in Sources */ = {isa = PBXBuildFile; fileRef = BFB7B72E229DE13B001CCD49 /* CRADiskCache.swift */; };
		BFD2DFE7229CFD68008EC33D /* CRANestedCollectionViewItemCell.swift in Sources */ = {isa = PBXBuildFile; fileRef = BFD2DFE3229CFD67008EC33D /* CRANestedCollectionViewItemCell.swift */; };
		BFD2DFE8229CFD68008EC33D /* CRANestedCollectionViewController.swift in Sources */ = {isa = PBXBuildFile; fileRef = BFD2DFE4229CFD67008EC33D /* CRANestedCollectionViewController.swift */; };
		BFD2DFE9229CFD68008EC33D /* CRANestedCollection.storyboard in Resources */ = {isa = PBXBuildFile; fileRef = BFD2DFE5229CFD68008EC33D /* CRANestedCollection.storyboard */; };
		BFD2DFEA229CFD68008EC33D /* CRANestedCollectionViewRowCell.swift in Sources */ = {isa = PBXBuildFile; fileRef = BFD2DFE6229CFD68008EC33D /* CRANestedCollectionViewRowCell.swift */; };
		BFD2DFEF229CFDD6008EC33D /* CRANestedCollectionViewItem.swift in Sources */ = {isa = PBXBuildFile; fileRef = BFD2DFEE229CFDD6008EC33D /* CRANestedCollectionViewItem.swift */; };
		BFD2DFF2229D0022008EC33D /* Array++.swift in Sources */ = {isa = PBXBuildFile; fileRef = BFD2DFF1229D0022008EC33D /* Array++.swift */; };
		BFD2DFF8229D00DB008EC33D /* SegueIdentifiable.swift in Sources */ = {isa = PBXBuildFile; fileRef = BFD2DFF6229D00DB008EC33D /* SegueIdentifiable.swift */; };
		BFD2DFF9229D00DB008EC33D /* SegueIdentifiable+UIViewController.swift in Sources */ = {isa = PBXBuildFile; fileRef = BFD2DFF7229D00DB008EC33D /* SegueIdentifiable+UIViewController.swift */; };
		BFD2E003229D00E6008EC33D /* StoryboardIdentifiable+Self.swift in Sources */ = {isa = PBXBuildFile; fileRef = BFD2DFFA229D00E6008EC33D /* StoryboardIdentifiable+Self.swift */; };
		BFD2E004229D00E6008EC33D /* UIStoryboard+StoryboardIdentifiable.swift in Sources */ = {isa = PBXBuildFile; fileRef = BFD2DFFB229D00E6008EC33D /* UIStoryboard+StoryboardIdentifiable.swift */; };
		BFD2E006229D00E6008EC33D /* UIStoryboardSegue+StoryboardIdentifiable.swift in Sources */ = {isa = PBXBuildFile; fileRef = BFD2DFFD229D00E6008EC33D /* UIStoryboardSegue+StoryboardIdentifiable.swift */; };
		BFD2E007229D00E6008EC33D /* UICollectionView+StoryboardIdentifiable.swift in Sources */ = {isa = PBXBuildFile; fileRef = BFD2DFFE229D00E6008EC33D /* UICollectionView+StoryboardIdentifiable.swift */; };
		BFD2E008229D00E6008EC33D /* UITableView+StoryboardIdentifiable.swift in Sources */ = {isa = PBXBuildFile; fileRef = BFD2DFFF229D00E6008EC33D /* UITableView+StoryboardIdentifiable.swift */; };
		BFD2E00A229D00E6008EC33D /* StoryboardIdentifiable.swift in Sources */ = {isa = PBXBuildFile; fileRef = BFD2E001229D00E6008EC33D /* StoryboardIdentifiable.swift */; };
		BFD2E00E229D0131008EC33D /* CRAKeyNamespaceable.swift in Sources */ = {isa = PBXBuildFile; fileRef = BFD2E00D229D0131008EC33D /* CRAKeyNamespaceable.swift */; };
		BFD2E014229D01BE008EC33D /* CRANetworkingProvider.swift in Sources */ = {isa = PBXBuildFile; fileRef = BFD2E012229D01BE008EC33D /* CRANetworkingProvider.swift */; };
		BFD2E015229D01BE008EC33D /* CRANetworkingProviderError.swift in Sources */ = {isa = PBXBuildFile; fileRef = BFD2E013229D01BE008EC33D /* CRANetworkingProviderError.swift */; };
		BFD2E019229D01D8008EC33D /* CRANetworkingServiceResponse.swift in Sources */ = {isa = PBXBuildFile; fileRef = BFD2E016229D01D8008EC33D /* CRANetworkingServiceResponse.swift */; };
		BFD2E01A229D01D8008EC33D /* NetworkingServiceError.swift in Sources */ = {isa = PBXBuildFile; fileRef = BFD2E017229D01D8008EC33D /* NetworkingServiceError.swift */; };
		BFD2E01B229D01D8008EC33D /* CRANetworkingService.swift in Sources */ = {isa = PBXBuildFile; fileRef = BFD2E018229D01D8008EC33D /* CRANetworkingService.swift */; };
		BFD2E020229D0221008EC33D /* CRANetworkingRequestHTTPMethod.swift in Sources */ = {isa = PBXBuildFile; fileRef = BFD2E01D229D0221008EC33D /* CRANetworkingRequestHTTPMethod.swift */; };
		BFD2E021229D0221008EC33D /* CRANetworkingRequest.swift in Sources */ = {isa = PBXBuildFile; fileRef = BFD2E01E229D0221008EC33D /* CRANetworkingRequest.swift */; };
		BFD2E022229D0221008EC33D /* CRANetworkingRequestValidation.swift in Sources */ = {isa = PBXBuildFile; fileRef = BFD2E01F229D0221008EC33D /* CRANetworkingRequestValidation.swift */; };
/* End PBXBuildFile section */

/* Begin PBXContainerItemProxy section */
		BF256DC7229CD77A00794D56 /* PBXContainerItemProxy */ = {
			isa = PBXContainerItemProxy;
			containerPortal = BF256DA7229CD77800794D56 /* Project object */;
			proxyType = 1;
			remoteGlobalIDString = BF256DAE229CD77800794D56;
			remoteInfo = Films;
		};
		BF256DD2229CD77A00794D56 /* PBXContainerItemProxy */ = {
			isa = PBXContainerItemProxy;
			containerPortal = BF256DA7229CD77800794D56 /* Project object */;
			proxyType = 1;
			remoteGlobalIDString = BF256DAE229CD77800794D56;
			remoteInfo = Films;
		};
/* End PBXContainerItemProxy section */

/* Begin PBXFileReference section */
		BF256DAF229CD77900794D56 /* Films.app */ = {isa = PBXFileReference; explicitFileType = wrapper.application; includeInIndex = 0; path = Films.app; sourceTree = BUILT_PRODUCTS_DIR; };
		BF256DB2229CD77900794D56 /* AppDelegate.swift */ = {isa = PBXFileReference; lastKnownFileType = sourcecode.swift; path = AppDelegate.swift; sourceTree = "<group>"; };
		BF256DBA229CD77900794D56 /* Films.xcdatamodel */ = {isa = PBXFileReference; lastKnownFileType = wrapper.xcdatamodel; path = Films.xcdatamodel; sourceTree = "<group>"; };
		BF256DBC229CD77A00794D56 /* Assets.xcassets */ = {isa = PBXFileReference; lastKnownFileType = folder.assetcatalog; path = Assets.xcassets; sourceTree = "<group>"; };
		BF256DBF229CD77A00794D56 /* Base */ = {isa = PBXFileReference; lastKnownFileType = file.storyboard; name = Base; path = Base.lproj/Launch.storyboard; sourceTree = "<group>"; };
		BF256DC1229CD77A00794D56 /* Info.plist */ = {isa = PBXFileReference; lastKnownFileType = text.plist.xml; path = Info.plist; sourceTree = "<group>"; };
		BF256DC6229CD77A00794D56 /* FilmsTests.xctest */ = {isa = PBXFileReference; explicitFileType = wrapper.cfbundle; includeInIndex = 0; path = FilmsTests.xctest; sourceTree = BUILT_PRODUCTS_DIR; };
		BF256DCA229CD77A00794D56 /* FilmsTests.swift */ = {isa = PBXFileReference; lastKnownFileType = sourcecode.swift; path = FilmsTests.swift; sourceTree = "<group>"; };
		BF256DCC229CD77A00794D56 /* Info.plist */ = {isa = PBXFileReference; lastKnownFileType = text.plist.xml; path = Info.plist; sourceTree = "<group>"; };
		BF256DD1229CD77A00794D56 /* FilmsUITests.xctest */ = {isa = PBXFileReference; explicitFileType = wrapper.cfbundle; includeInIndex = 0; path = FilmsUITests.xctest; sourceTree = BUILT_PRODUCTS_DIR; };
		BF256DD5229CD77A00794D56 /* FilmsUITests.swift */ = {isa = PBXFileReference; lastKnownFileType = sourcecode.swift; path = FilmsUITests.swift; sourceTree = "<group>"; };
		BF256DD7229CD77A00794D56 /* Info.plist */ = {isa = PBXFileReference; lastKnownFileType = text.plist.xml; path = Info.plist; sourceTree = "<group>"; };
		BF8BFC9B229DE7310035AB90 /* CRAUserDefaultable.swift */ = {isa = PBXFileReference; lastKnownFileType = sourcecode.swift; path = CRAUserDefaultable.swift; sourceTree = "<group>"; };
		BF8BFC9D229DEA120035AB90 /* StoryboardIdentifiable++.swift */ = {isa = PBXFileReference; lastKnownFileType = sourcecode.swift; path = "StoryboardIdentifiable++.swift"; sourceTree = "<group>"; };
		BF8BFC9F229E1B250035AB90 /* CRANetworkingProviderResponse.swift */ = {isa = PBXFileReference; lastKnownFileType = sourcecode.swift; path = CRANetworkingProviderResponse.swift; sourceTree = "<group>"; };
		BF8BFCA4229E2DCC0035AB90 /* CRAGenericCollectionDataSource.swift */ = {isa = PBXFileReference; lastKnownFileType = sourcecode.swift; path = CRAGenericCollectionDataSource.swift; sourceTree = "<group>"; };
		BF8BFCA6229E2DFF0035AB90 /* CRAGenericCollectionCellProtocol.swift */ = {isa = PBXFileReference; lastKnownFileType = sourcecode.swift; path = CRAGenericCollectionCellProtocol.swift; sourceTree = "<group>"; };
		BF8BFCA9229E2E480035AB90 /* CRAGenericTableViewSource.swift */ = {isa = PBXFileReference; lastKnownFileType = sourcecode.swift; path = CRAGenericTableViewSource.swift; sourceTree = "<group>"; };
		BF8BFCAC229E2EA40035AB90 /* CRAGenericCollectionViewSource.swift */ = {isa = PBXFileReference; lastKnownFileType = sourcecode.swift; path = CRAGenericCollectionViewSource.swift; sourceTree = "<group>"; };
		BF8BFCAF229E32700035AB90 /* CANestedCollectionViewDataSource.swift */ = {isa = PBXFileReference; lastKnownFileType = sourcecode.swift; path = CANestedCollectionViewDataSource.swift; sourceTree = "<group>"; };
		BF8BFCB1229E3AD50035AB90 /* CRANestedCollectionViewDataSource.swift */ = {isa = PBXFileReference; lastKnownFileType = sourcecode.swift; path = CRANestedCollectionViewDataSource.swift; sourceTree = "<group>"; };
		BF8BFCB3229E3AEC0035AB90 /* CRANestedCollectionViewDelegate.swift */ = {isa = PBXFileReference; lastKnownFileType = sourcecode.swift; path = CRANestedCollectionViewDelegate.swift; sourceTree = "<group>"; };
		BF8BFCB8229E41010035AB90 /* CRANestedCollectionViewRowCellDataSource.swift */ = {isa = PBXFileReference; lastKnownFileType = sourcecode.swift; path = CRANestedCollectionViewRowCellDataSource.swift; sourceTree = "<group>"; };
		BF8BFCBA229E41130035AB90 /* CRANestedCollectionViewRowCellDelegate.swift */ = {isa = PBXFileReference; lastKnownFileType = sourcecode.swift; path = CRANestedCollectionViewRowCellDelegate.swift; sourceTree = "<group>"; };
		BF8BFCBF229E425F0035AB90 /* MoviesInput.swift */ = {isa = PBXFileReference; lastKnownFileType = sourcecode.swift; path = MoviesInput.swift; sourceTree = "<group>"; };
		BF8BFCC0229E425F0035AB90 /* MoviesPresenter.swift */ = {isa = PBXFileReference; lastKnownFileType = sourcecode.swift; path = MoviesPresenter.swift; sourceTree = "<group>"; };
		BF8BFCC1229E425F0035AB90 /* MoviesRouter.swift */ = {isa = PBXFileReference; lastKnownFileType = sourcecode.swift; path = MoviesRouter.swift; sourceTree = "<group>"; };
		BF8BFCC2229E425F0035AB90 /* Movies.storyboard */ = {isa = PBXFileReference; lastKnownFileType = file.storyboard; path = Movies.storyboard; sourceTree = "<group>"; };
		BF8BFCC3229E425F0035AB90 /* MoviesViewController.swift */ = {isa = PBXFileReference; lastKnownFileType = sourcecode.swift; path = MoviesViewController.swift; sourceTree = "<group>"; };
		BF8BFCC4229E425F0035AB90 /* MoviesProtocols.swift */ = {isa = PBXFileReference; lastKnownFileType = sourcecode.swift; path = MoviesProtocols.swift; sourceTree = "<group>"; };
		BF8BFCC5229E425F0035AB90 /* MoviesBuilder.swift */ = {isa = PBXFileReference; lastKnownFileType = sourcecode.swift; path = MoviesBuilder.swift; sourceTree = "<group>"; };
		BF8BFCC6229E425F0035AB90 /* MoviesInteractor.swift */ = {isa = PBXFileReference; lastKnownFileType = sourcecode.swift; path = MoviesInteractor.swift; sourceTree = "<group>"; };
		BF8BFCC7229E425F0035AB90 /* MoviesOutput.swift */ = {isa = PBXFileReference; lastKnownFileType = sourcecode.swift; path = MoviesOutput.swift; sourceTree = "<group>"; };
		BF8BFCC8229E425F0035AB90 /* MoviesViewModel.swift */ = {isa = PBXFileReference; lastKnownFileType = sourcecode.swift; path = MoviesViewModel.swift; sourceTree = "<group>"; };
		BF8BFCD3229E45190035AB90 /* UIStoryboard+Identifiers.swift */ = {isa = PBXFileReference; lastKnownFileType = sourcecode.swift; path = "UIStoryboard+Identifiers.swift"; sourceTree = "<group>"; };
		BF8BFCD8229E462F0035AB90 /* NavigationPresenter.swift */ = {isa = PBXFileReference; lastKnownFileType = sourcecode.swift; path = NavigationPresenter.swift; sourceTree = "<group>"; };
		BF8BFCD9229E462F0035AB90 /* NavigationRouter.swift */ = {isa = PBXFileReference; lastKnownFileType = sourcecode.swift; path = NavigationRouter.swift; sourceTree = "<group>"; };
		BF8BFCDA229E462F0035AB90 /* Navigation.storyboard */ = {isa = PBXFileReference; lastKnownFileType = file.storyboard; path = Navigation.storyboard; sourceTree = "<group>"; };
		BF8BFCDB229E462F0035AB90 /* NavigationViewController.swift */ = {isa = PBXFileReference; lastKnownFileType = sourcecode.swift; path = NavigationViewController.swift; sourceTree = "<group>"; };
		BF8BFCDC229E462F0035AB90 /* NavigationProtocols.swift */ = {isa = PBXFileReference; lastKnownFileType = sourcecode.swift; path = NavigationProtocols.swift; sourceTree = "<group>"; };
		BF8BFCDD229E462F0035AB90 /* NavigationBuilder.swift */ = {isa = PBXFileReference; lastKnownFileType = sourcecode.swift; path = NavigationBuilder.swift; sourceTree = "<group>"; };
		BF8BFCDE229E462F0035AB90 /* NavigationInteractor.swift */ = {isa = PBXFileReference; lastKnownFileType = sourcecode.swift; path = NavigationInteractor.swift; sourceTree = "<group>"; };
		BF8BFCEC229F03D80035AB90 /* CRANavigationDropdownViewController.swift */ = {isa = PBXFileReference; lastKnownFileType = sourcecode.swift; path = CRANavigationDropdownViewController.swift; sourceTree = "<group>"; };
		BF8BFD2F229F52DB0035AB90 /* CRANavigationDropdownCell.swift */ = {isa = PBXFileReference; lastKnownFileType = sourcecode.swift; path = CRANavigationDropdownCell.swift; sourceTree = "<group>"; };
		BFB7B727229DC85D001CCD49 /* CRAMemoryCache.swift */ = {isa = PBXFileReference; lastKnownFileType = sourcecode.swift; path = CRAMemoryCache.swift; sourceTree = "<group>"; };
		BFB7B72A229DCC34001CCD49 /* UIImageView+MemoryCache.swift */ = {isa = PBXFileReference; lastKnownFileType = sourcecode.swift; path = "UIImageView+MemoryCache.swift"; sourceTree = "<group>"; };
		BFB7B72C229DE04B001CCD49 /* CRACache.swift */ = {isa = PBXFileReference; lastKnownFileType = sourcecode.swift; path = CRACache.swift; sourceTree = "<group>"; };
		BFB7B72E229DE13B001CCD49 /* CRADiskCache.swift */ = {isa = PBXFileReference; lastKnownFileType = sourcecode.swift; path = CRADiskCache.swift; sourceTree = "<group>"; };
		BFD2DFE3229CFD67008EC33D /* CRANestedCollectionViewItemCell.swift */ = {isa = PBXFileReference; fileEncoding = 4; lastKnownFileType = sourcecode.swift; path = CRANestedCollectionViewItemCell.swift; sourceTree = "<group>"; };
		BFD2DFE4229CFD67008EC33D /* CRANestedCollectionViewController.swift */ = {isa = PBXFileReference; fileEncoding = 4; lastKnownFileType = sourcecode.swift; path = CRANestedCollectionViewController.swift; sourceTree = "<group>"; };
		BFD2DFE5229CFD68008EC33D /* CRANestedCollection.storyboard */ = {isa = PBXFileReference; fileEncoding = 4; lastKnownFileType = file.storyboard; path = CRANestedCollection.storyboard; sourceTree = "<group>"; };
		BFD2DFE6229CFD68008EC33D /* CRANestedCollectionViewRowCell.swift */ = {isa = PBXFileReference; fileEncoding = 4; lastKnownFileType = sourcecode.swift; path = CRANestedCollectionViewRowCell.swift; sourceTree = "<group>"; };
		BFD2DFEE229CFDD6008EC33D /* CRANestedCollectionViewItem.swift */ = {isa = PBXFileReference; fileEncoding = 4; lastKnownFileType = sourcecode.swift; path = CRANestedCollectionViewItem.swift; sourceTree = "<group>"; };
		BFD2DFF1229D0022008EC33D /* Array++.swift */ = {isa = PBXFileReference; fileEncoding = 4; lastKnownFileType = sourcecode.swift; path = "Array++.swift"; sourceTree = "<group>"; };
		BFD2DFF6229D00DB008EC33D /* SegueIdentifiable.swift */ = {isa = PBXFileReference; fileEncoding = 4; lastKnownFileType = sourcecode.swift; path = SegueIdentifiable.swift; sourceTree = "<group>"; };
		BFD2DFF7229D00DB008EC33D /* SegueIdentifiable+UIViewController.swift */ = {isa = PBXFileReference; fileEncoding = 4; lastKnownFileType = sourcecode.swift; path = "SegueIdentifiable+UIViewController.swift"; sourceTree = "<group>"; };
		BFD2DFFA229D00E6008EC33D /* StoryboardIdentifiable+Self.swift */ = {isa = PBXFileReference; fileEncoding = 4; lastKnownFileType = sourcecode.swift; path = "StoryboardIdentifiable+Self.swift"; sourceTree = "<group>"; };
		BFD2DFFB229D00E6008EC33D /* UIStoryboard+StoryboardIdentifiable.swift */ = {isa = PBXFileReference; fileEncoding = 4; lastKnownFileType = sourcecode.swift; path = "UIStoryboard+StoryboardIdentifiable.swift"; sourceTree = "<group>"; };
		BFD2DFFD229D00E6008EC33D /* UIStoryboardSegue+StoryboardIdentifiable.swift */ = {isa = PBXFileReference; fileEncoding = 4; lastKnownFileType = sourcecode.swift; path = "UIStoryboardSegue+StoryboardIdentifiable.swift"; sourceTree = "<group>"; };
		BFD2DFFE229D00E6008EC33D /* UICollectionView+StoryboardIdentifiable.swift */ = {isa = PBXFileReference; fileEncoding = 4; lastKnownFileType = sourcecode.swift; path = "UICollectionView+StoryboardIdentifiable.swift"; sourceTree = "<group>"; };
		BFD2DFFF229D00E6008EC33D /* UITableView+StoryboardIdentifiable.swift */ = {isa = PBXFileReference; fileEncoding = 4; lastKnownFileType = sourcecode.swift; path = "UITableView+StoryboardIdentifiable.swift"; sourceTree = "<group>"; };
		BFD2E001229D00E6008EC33D /* StoryboardIdentifiable.swift */ = {isa = PBXFileReference; fileEncoding = 4; lastKnownFileType = sourcecode.swift; path = StoryboardIdentifiable.swift; sourceTree = "<group>"; };
		BFD2E00D229D0131008EC33D /* CRAKeyNamespaceable.swift */ = {isa = PBXFileReference; fileEncoding = 4; lastKnownFileType = sourcecode.swift; path = CRAKeyNamespaceable.swift; sourceTree = "<group>"; };
		BFD2E012229D01BE008EC33D /* CRANetworkingProvider.swift */ = {isa = PBXFileReference; fileEncoding = 4; lastKnownFileType = sourcecode.swift; path = CRANetworkingProvider.swift; sourceTree = "<group>"; };
		BFD2E013229D01BE008EC33D /* CRANetworkingProviderError.swift */ = {isa = PBXFileReference; fileEncoding = 4; lastKnownFileType = sourcecode.swift; path = CRANetworkingProviderError.swift; sourceTree = "<group>"; };
		BFD2E016229D01D8008EC33D /* CRANetworkingServiceResponse.swift */ = {isa = PBXFileReference; fileEncoding = 4; lastKnownFileType = sourcecode.swift; path = CRANetworkingServiceResponse.swift; sourceTree = "<group>"; };
		BFD2E017229D01D8008EC33D /* NetworkingServiceError.swift */ = {isa = PBXFileReference; fileEncoding = 4; lastKnownFileType = sourcecode.swift; path = NetworkingServiceError.swift; sourceTree = "<group>"; };
		BFD2E018229D01D8008EC33D /* CRANetworkingService.swift */ = {isa = PBXFileReference; fileEncoding = 4; lastKnownFileType = sourcecode.swift; path = CRANetworkingService.swift; sourceTree = "<group>"; };
		BFD2E01D229D0221008EC33D /* CRANetworkingRequestHTTPMethod.swift */ = {isa = PBXFileReference; fileEncoding = 4; lastKnownFileType = sourcecode.swift; path = CRANetworkingRequestHTTPMethod.swift; sourceTree = "<group>"; };
		BFD2E01E229D0221008EC33D /* CRANetworkingRequest.swift */ = {isa = PBXFileReference; fileEncoding = 4; lastKnownFileType = sourcecode.swift; path = CRANetworkingRequest.swift; sourceTree = "<group>"; };
		BFD2E01F229D0221008EC33D /* CRANetworkingRequestValidation.swift */ = {isa = PBXFileReference; fileEncoding = 4; lastKnownFileType = sourcecode.swift; path = CRANetworkingRequestValidation.swift; sourceTree = "<group>"; };
/* End PBXFileReference section */

/* Begin PBXFrameworksBuildPhase section */
		BF256DAC229CD77800794D56 /* Frameworks */ = {
			isa = PBXFrameworksBuildPhase;
			buildActionMask = 2147483647;
			files = (
			);
			runOnlyForDeploymentPostprocessing = 0;
		};
		BF256DC3229CD77A00794D56 /* Frameworks */ = {
			isa = PBXFrameworksBuildPhase;
			buildActionMask = 2147483647;
			files = (
			);
			runOnlyForDeploymentPostprocessing = 0;
		};
		BF256DCE229CD77A00794D56 /* Frameworks */ = {
			isa = PBXFrameworksBuildPhase;
			buildActionMask = 2147483647;
			files = (
			);
			runOnlyForDeploymentPostprocessing = 0;
		};
/* End PBXFrameworksBuildPhase section */

/* Begin PBXGroup section */
		BF256DA6229CD77800794D56 = {
			isa = PBXGroup;
			children = (
				BF256DB1229CD77900794D56 /* Films */,
				BF256DC9229CD77A00794D56 /* FilmsTests */,
				BF256DD4229CD77A00794D56 /* FilmsUITests */,
				BF256DB0229CD77900794D56 /* Products */,
			);
			sourceTree = "<group>";
		};
		BF256DB0229CD77900794D56 /* Products */ = {
			isa = PBXGroup;
			children = (
				BF256DAF229CD77900794D56 /* Films.app */,
				BF256DC6229CD77A00794D56 /* FilmsTests.xctest */,
				BF256DD1229CD77A00794D56 /* FilmsUITests.xctest */,
			);
			name = Products;
			sourceTree = "<group>";
		};
		BF256DB1229CD77900794D56 /* Films */ = {
			isa = PBXGroup;
			children = (
				BF256DE3229CD7A300794D56 /* Source */,
				BF256DE4229CD7B100794D56 /* Storage */,
			);
			path = Films;
			sourceTree = "<group>";
		};
		BF256DC9229CD77A00794D56 /* FilmsTests */ = {
			isa = PBXGroup;
			children = (
				BF256DCA229CD77A00794D56 /* FilmsTests.swift */,
				BF256DCC229CD77A00794D56 /* Info.plist */,
			);
			path = FilmsTests;
			sourceTree = "<group>";
		};
		BF256DD4229CD77A00794D56 /* FilmsUITests */ = {
			isa = PBXGroup;
			children = (
				BF256DD5229CD77A00794D56 /* FilmsUITests.swift */,
				BF256DD7229CD77A00794D56 /* Info.plist */,
			);
			path = FilmsUITests;
			sourceTree = "<group>";
		};
		BF256DE3229CD7A300794D56 /* Source */ = {
			isa = PBXGroup;
			children = (
				BF256DE6229CD7CC00794D56 /* Screens */,
				BFD2DFE1229CFD42008EC33D /* UI Components */,
				BFD2DFF3229D009A008EC33D /* Implementations */,
				BFD2DFF0229CFEB5008EC33D /* Extensions */,
			);
			path = Source;
			sourceTree = "<group>";
		};
		BF256DE4229CD7B100794D56 /* Storage */ = {
			isa = PBXGroup;
			children = (
				BF256DBC229CD77A00794D56 /* Assets.xcassets */,
				BF256DC1229CD77A00794D56 /* Info.plist */,
				BF256DB9229CD77900794D56 /* Films.xcdatamodeld */,
			);
			path = Storage;
			sourceTree = "<group>";
		};
		BF256DE5229CD7C100794D56 /* Launch */ = {
			isa = PBXGroup;
			children = (
				BF256DBE229CD77A00794D56 /* Launch.storyboard */,
			);
			path = Launch;
			sourceTree = "<group>";
		};
		BF256DE6229CD7CC00794D56 /* Screens */ = {
			isa = PBXGroup;
			children = (
				BF256DB2229CD77900794D56 /* AppDelegate.swift */,
				BF256DE5229CD7C100794D56 /* Launch */,
				BF256DEA229CD84F00794D56 /* Navigation */,
				BF256DE7229CD82700794D56 /* Movies */,
				BF256DE9229CD83900794D56 /* Movie Detail */,
			);
			path = Screens;
			sourceTree = "<group>";
		};
		BF256DE7229CD82700794D56 /* Movies */ = {
			isa = PBXGroup;
			children = (
				BF8BFCC2229E425F0035AB90 /* Movies.storyboard */,
				BF8BFCC4229E425F0035AB90 /* MoviesProtocols.swift */,
				BF8BFCC3229E425F0035AB90 /* MoviesViewController.swift */,
				BF8BFCC0229E425F0035AB90 /* MoviesPresenter.swift */,
				BF8BFCC6229E425F0035AB90 /* MoviesInteractor.swift */,
				BF8BFCC1229E425F0035AB90 /* MoviesRouter.swift */,
				BF8BFCC5229E425F0035AB90 /* MoviesBuilder.swift */,
				BF8BFCBF229E425F0035AB90 /* MoviesInput.swift */,
				BF8BFCC7229E425F0035AB90 /* MoviesOutput.swift */,
				BF8BFCC8229E425F0035AB90 /* MoviesViewModel.swift */,
			);
			path = Movies;
			sourceTree = "<group>";
		};
		BF256DE9229CD83900794D56 /* Movie Detail */ = {
			isa = PBXGroup;
			children = (
			);
			path = "Movie Detail";
			sourceTree = "<group>";
		};
		BF256DEA229CD84F00794D56 /* Navigation */ = {
			isa = PBXGroup;
			children = (
				BF8BFCDA229E462F0035AB90 /* Navigation.storyboard */,
				BF8BFCDC229E462F0035AB90 /* NavigationProtocols.swift */,
				BF8BFCDB229E462F0035AB90 /* NavigationViewController.swift */,
				BF8BFCD8229E462F0035AB90 /* NavigationPresenter.swift */,
				BF8BFCDE229E462F0035AB90 /* NavigationInteractor.swift */,
				BF8BFCD9229E462F0035AB90 /* NavigationRouter.swift */,
				BF8BFCDD229E462F0035AB90 /* NavigationBuilder.swift */,
			);
			path = Navigation;
			sourceTree = "<group>";
		};
		BF8BFCA1229E1E690035AB90 /* Generic Collections */ = {
			isa = PBXGroup;
			children = (
				BF8BFCA4229E2DCC0035AB90 /* CRAGenericCollectionDataSource.swift */,
				BF8BFCA6229E2DFF0035AB90 /* CRAGenericCollectionCellProtocol.swift */,
				BF8BFCAB229E2E890035AB90 /* Collection View */,
				BF8BFCA8229E2E260035AB90 /* Table View */,
			);
			path = "Generic Collections";
			sourceTree = "<group>";
		};
		BF8BFCA8229E2E260035AB90 /* Table View */ = {
			isa = PBXGroup;
			children = (
				BF8BFCA9229E2E480035AB90 /* CRAGenericTableViewSource.swift */,
			);
			path = "Table View";
			sourceTree = "<group>";
		};
		BF8BFCAB229E2E890035AB90 /* Collection View */ = {
			isa = PBXGroup;
			children = (
				BF8BFCAC229E2EA40035AB90 /* CRAGenericCollectionViewSource.swift */,
			);
			path = "Collection View";
			sourceTree = "<group>";
		};
		BF8BFCAE229E30F60035AB90 /* Namespace */ = {
			isa = PBXGroup;
			children = (
				BFD2E00D229D0131008EC33D /* CRAKeyNamespaceable.swift */,
			);
			path = Namespace;
			sourceTree = "<group>";
		};
		BF8BFCEB229F03810035AB90 /* Navigation Dropdown */ = {
			isa = PBXGroup;
			children = (
				BF8BFCEC229F03D80035AB90 /* CRANavigationDropdownViewController.swift */,
				BF8BFD2F229F52DB0035AB90 /* CRANavigationDropdownCell.swift */,
			);
			path = "Navigation Dropdown";
			sourceTree = "<group>";
		};
		BFB7B726229DC84E001CCD49 /* Cache */ = {
			isa = PBXGroup;
			children = (
				BFB7B72C229DE04B001CCD49 /* CRACache.swift */,
				BFB7B727229DC85D001CCD49 /* CRAMemoryCache.swift */,
				BFB7B72E229DE13B001CCD49 /* CRADiskCache.swift */,
			);
			path = Cache;
			sourceTree = "<group>";
		};
		BFD2DFE1229CFD42008EC33D /* UI Components */ = {
			isa = PBXGroup;
			children = (
				BF8BFCEB229F03810035AB90 /* Navigation Dropdown */,
				BF8BFCA1229E1E690035AB90 /* Generic Collections */,
				BFD2DFE2229CFD4F008EC33D /* Nested Collection */,
			);
			path = "UI Components";
			sourceTree = "<group>";
		};
		BFD2DFE2229CFD4F008EC33D /* Nested Collection */ = {
			isa = PBXGroup;
			children = (
				BFD2DFEB229CFDA8008EC33D /* Interface */,
				BFD2DFEC229CFDB1008EC33D /* Views */,
				BFD2DFED229CFDC9008EC33D /* Models */,
				BF8BFCAF229E32700035AB90 /* CANestedCollectionViewDataSource.swift */,
			);
			path = "Nested Collection";
			sourceTree = "<group>";
		};
		BFD2DFEB229CFDA8008EC33D /* Interface */ = {
			isa = PBXGroup;
			children = (
				BFD2DFE5229CFD68008EC33D /* CRANestedCollection.storyboard */,
			);
			path = Interface;
			sourceTree = "<group>";
		};
		BFD2DFEC229CFDB1008EC33D /* Views */ = {
			isa = PBXGroup;
			children = (
				BF8BFCB1229E3AD50035AB90 /* CRANestedCollectionViewDataSource.swift */,
				BF8BFCB3229E3AEC0035AB90 /* CRANestedCollectionViewDelegate.swift */,
				BFD2DFE4229CFD67008EC33D /* CRANestedCollectionViewController.swift */,
				BF8BFCB8229E41010035AB90 /* CRANestedCollectionViewRowCellDataSource.swift */,
				BF8BFCBA229E41130035AB90 /* CRANestedCollectionViewRowCellDelegate.swift */,
				BFD2DFE6229CFD68008EC33D /* CRANestedCollectionViewRowCell.swift */,
				BFD2DFE3229CFD67008EC33D /* CRANestedCollectionViewItemCell.swift */,
			);
			path = Views;
			sourceTree = "<group>";
		};
		BFD2DFED229CFDC9008EC33D /* Models */ = {
			isa = PBXGroup;
			children = (
				BFD2DFEE229CFDD6008EC33D /* CRANestedCollectionViewItem.swift */,
			);
			path = Models;
			sourceTree = "<group>";
		};
		BFD2DFF0229CFEB5008EC33D /* Extensions */ = {
			isa = PBXGroup;
			children = (
				BFD2DFF1229D0022008EC33D /* Array++.swift */,
				BFB7B72A229DCC34001CCD49 /* UIImageView+MemoryCache.swift */,
				BF8BFCD3229E45190035AB90 /* UIStoryboard+Identifiers.swift */,
			);
			path = Extensions;
			sourceTree = "<group>";
		};
		BFD2DFF3229D009A008EC33D /* Implementations */ = {
			isa = PBXGroup;
			children = (
				BF8BFCAE229E30F60035AB90 /* Namespace */,
				BFB7B726229DC84E001CCD49 /* Cache */,
				BFD2E00F229D0177008EC33D /* Networking */,
				BFD2E00C229D0120008EC33D /* User Defaults */,
				BFD2DFF5229D00BE008EC33D /* Storyboard */,
				BFD2DFF4229D00B6008EC33D /* Segue */,
			);
			path = Implementations;
			sourceTree = "<group>";
		};
		BFD2DFF4229D00B6008EC33D /* Segue */ = {
			isa = PBXGroup;
			children = (
				BFD2DFF6229D00DB008EC33D /* SegueIdentifiable.swift */,
				BFD2DFF7229D00DB008EC33D /* SegueIdentifiable+UIViewController.swift */,
			);
			path = Segue;
			sourceTree = "<group>";
		};
		BFD2DFF5229D00BE008EC33D /* Storyboard */ = {
			isa = PBXGroup;
			children = (
				BFD2E001229D00E6008EC33D /* StoryboardIdentifiable.swift */,
				BF8BFC9D229DEA120035AB90 /* StoryboardIdentifiable++.swift */,
				BFD2DFFA229D00E6008EC33D /* StoryboardIdentifiable+Self.swift */,
				BFD2DFFE229D00E6008EC33D /* UICollectionView+StoryboardIdentifiable.swift */,
				BFD2DFFB229D00E6008EC33D /* UIStoryboard+StoryboardIdentifiable.swift */,
				BFD2DFFD229D00E6008EC33D /* UIStoryboardSegue+StoryboardIdentifiable.swift */,
				BFD2DFFF229D00E6008EC33D /* UITableView+StoryboardIdentifiable.swift */,
			);
			path = Storyboard;
			sourceTree = "<group>";
		};
		BFD2E00C229D0120008EC33D /* User Defaults */ = {
			isa = PBXGroup;
			children = (
				BF8BFC9B229DE7310035AB90 /* CRAUserDefaultable.swift */,
			);
			path = "User Defaults";
			sourceTree = "<group>";
		};
		BFD2E00F229D0177008EC33D /* Networking */ = {
			isa = PBXGroup;
			children = (
				BFD2E010229D018A008EC33D /* Provider */,
				BFD2E01C229D020F008EC33D /* Request */,
				BFD2E011229D018F008EC33D /* Service */,
			);
			path = Networking;
			sourceTree = "<group>";
		};
		BFD2E010229D018A008EC33D /* Provider */ = {
			isa = PBXGroup;
			children = (
				BFD2E012229D01BE008EC33D /* CRANetworkingProvider.swift */,
				BF8BFC9F229E1B250035AB90 /* CRANetworkingProviderResponse.swift */,
				BFD2E013229D01BE008EC33D /* CRANetworkingProviderError.swift */,
			);
			path = Provider;
			sourceTree = "<group>";
		};
		BFD2E011229D018F008EC33D /* Service */ = {
			isa = PBXGroup;
			children = (
				BFD2E018229D01D8008EC33D /* CRANetworkingService.swift */,
				BFD2E016229D01D8008EC33D /* CRANetworkingServiceResponse.swift */,
				BFD2E017229D01D8008EC33D /* NetworkingServiceError.swift */,
			);
			path = Service;
			sourceTree = "<group>";
		};
		BFD2E01C229D020F008EC33D /* Request */ = {
			isa = PBXGroup;
			children = (
				BFD2E01E229D0221008EC33D /* CRANetworkingRequest.swift */,
				BFD2E01D229D0221008EC33D /* CRANetworkingRequestHTTPMethod.swift */,
				BFD2E01F229D0221008EC33D /* CRANetworkingRequestValidation.swift */,
			);
			path = Request;
			sourceTree = "<group>";
		};
/* End PBXGroup section */

/* Begin PBXNativeTarget section */
		BF256DAE229CD77800794D56 /* Films */ = {
			isa = PBXNativeTarget;
			buildConfigurationList = BF256DDA229CD77A00794D56 /* Build configuration list for PBXNativeTarget "Films" */;
			buildPhases = (
				BF256DAB229CD77800794D56 /* Sources */,
				BF256DAC229CD77800794D56 /* Frameworks */,
				BF256DAD229CD77800794D56 /* Resources */,
			);
			buildRules = (
			);
			dependencies = (
			);
			name = Films;
			productName = Films;
			productReference = BF256DAF229CD77900794D56 /* Films.app */;
			productType = "com.apple.product-type.application";
		};
		BF256DC5229CD77A00794D56 /* FilmsTests */ = {
			isa = PBXNativeTarget;
			buildConfigurationList = BF256DDD229CD77A00794D56 /* Build configuration list for PBXNativeTarget "FilmsTests" */;
			buildPhases = (
				BF256DC2229CD77A00794D56 /* Sources */,
				BF256DC3229CD77A00794D56 /* Frameworks */,
				BF256DC4229CD77A00794D56 /* Resources */,
			);
			buildRules = (
			);
			dependencies = (
				BF256DC8229CD77A00794D56 /* PBXTargetDependency */,
			);
			name = FilmsTests;
			productName = FilmsTests;
			productReference = BF256DC6229CD77A00794D56 /* FilmsTests.xctest */;
			productType = "com.apple.product-type.bundle.unit-test";
		};
		BF256DD0229CD77A00794D56 /* FilmsUITests */ = {
			isa = PBXNativeTarget;
			buildConfigurationList = BF256DE0229CD77A00794D56 /* Build configuration list for PBXNativeTarget "FilmsUITests" */;
			buildPhases = (
				BF256DCD229CD77A00794D56 /* Sources */,
				BF256DCE229CD77A00794D56 /* Frameworks */,
				BF256DCF229CD77A00794D56 /* Resources */,
			);
			buildRules = (
			);
			dependencies = (
				BF256DD3229CD77A00794D56 /* PBXTargetDependency */,
			);
			name = FilmsUITests;
			productName = FilmsUITests;
			productReference = BF256DD1229CD77A00794D56 /* FilmsUITests.xctest */;
			productType = "com.apple.product-type.bundle.ui-testing";
		};
/* End PBXNativeTarget section */

/* Begin PBXProject section */
		BF256DA7229CD77800794D56 /* Project object */ = {
			isa = PBXProject;
			attributes = {
				LastSwiftUpdateCheck = 1020;
				LastUpgradeCheck = 1020;
				ORGANIZATIONNAME = christianampe;
				TargetAttributes = {
					BF256DAE229CD77800794D56 = {
						CreatedOnToolsVersion = 10.2.1;
					};
					BF256DC5229CD77A00794D56 = {
						CreatedOnToolsVersion = 10.2.1;
						TestTargetID = BF256DAE229CD77800794D56;
					};
					BF256DD0229CD77A00794D56 = {
						CreatedOnToolsVersion = 10.2.1;
						TestTargetID = BF256DAE229CD77800794D56;
					};
				};
			};
			buildConfigurationList = BF256DAA229CD77800794D56 /* Build configuration list for PBXProject "Films" */;
			compatibilityVersion = "Xcode 9.3";
			developmentRegion = en;
			hasScannedForEncodings = 0;
			knownRegions = (
				en,
				Base,
			);
			mainGroup = BF256DA6229CD77800794D56;
			productRefGroup = BF256DB0229CD77900794D56 /* Products */;
			projectDirPath = "";
			projectRoot = "";
			targets = (
				BF256DAE229CD77800794D56 /* Films */,
				BF256DC5229CD77A00794D56 /* FilmsTests */,
				BF256DD0229CD77A00794D56 /* FilmsUITests */,
			);
		};
/* End PBXProject section */

/* Begin PBXResourcesBuildPhase section */
		BF256DAD229CD77800794D56 /* Resources */ = {
			isa = PBXResourcesBuildPhase;
			buildActionMask = 2147483647;
			files = (
				BF8BFCCC229E425F0035AB90 /* Movies.storyboard in Resources */,
				BFD2DFE9229CFD68008EC33D /* CRANestedCollection.storyboard in Resources */,
				BF256DC0229CD77A00794D56 /* Launch.storyboard in Resources */,
				BF8BFCE4229E462F0035AB90 /* Navigation.storyboard in Resources */,
				BF256DBD229CD77A00794D56 /* Assets.xcassets in Resources */,
			);
			runOnlyForDeploymentPostprocessing = 0;
		};
		BF256DC4229CD77A00794D56 /* Resources */ = {
			isa = PBXResourcesBuildPhase;
			buildActionMask = 2147483647;
			files = (
			);
			runOnlyForDeploymentPostprocessing = 0;
		};
		BF256DCF229CD77A00794D56 /* Resources */ = {
			isa = PBXResourcesBuildPhase;
			buildActionMask = 2147483647;
			files = (
			);
			runOnlyForDeploymentPostprocessing = 0;
		};
/* End PBXResourcesBuildPhase section */

/* Begin PBXSourcesBuildPhase section */
		BF256DAB229CD77800794D56 /* Sources */ = {
			isa = PBXSourcesBuildPhase;
			buildActionMask = 2147483647;
			files = (
				BFB7B72D229DE04B001CCD49 /* CRACache.swift in Sources */,
				BF8BFCE7229E462F0035AB90 /* NavigationBuilder.swift in Sources */,
				BF8BFCED229F03D80035AB90 /* CRANavigationDropdownViewController.swift in Sources */,
				BF256DBB229CD77900794D56 /* Films.xcdatamodeld in Sources */,
				BFD2DFEF229CFDD6008EC33D /* CRANestedCollectionViewItem.swift in Sources */,
				BFD2E01B229D01D8008EC33D /* CRANetworkingService.swift in Sources */,
				BF8BFCAD229E2EA40035AB90 /* CRAGenericCollectionViewSource.swift in Sources */,
				BF8BFCB4229E3AEC0035AB90 /* CRANestedCollectionViewDelegate.swift in Sources */,
				BF8BFCA5229E2DCC0035AB90 /* CRAGenericCollectionDataSource.swift in Sources */,
				BF8BFCB0229E32700035AB90 /* CANestedCollectionViewDataSource.swift in Sources */,
				BFD2E003229D00E6008EC33D /* StoryboardIdentifiable+Self.swift in Sources */,
				BFD2E019229D01D8008EC33D /* CRANetworkingServiceResponse.swift in Sources */,
				BF8BFCCF229E425F0035AB90 /* MoviesBuilder.swift in Sources */,
				BFD2DFEA229CFD68008EC33D /* CRANestedCollectionViewRowCell.swift in Sources */,
				BF8BFCE8229E462F0035AB90 /* NavigationInteractor.swift in Sources */,
				BF8BFCE5229E462F0035AB90 /* NavigationViewController.swift in Sources */,
				BF8BFCCD229E425F0035AB90 /* MoviesViewController.swift in Sources */,
				BF8BFC9C229DE7310035AB90 /* CRAUserDefaultable.swift in Sources */,
				BFD2E008229D00E6008EC33D /* UITableView+StoryboardIdentifiable.swift in Sources */,
				BFD2DFF8229D00DB008EC33D /* SegueIdentifiable.swift in Sources */,
				BF8BFCE2229E462F0035AB90 /* NavigationPresenter.swift in Sources */,
				BFD2E01A229D01D8008EC33D /* NetworkingServiceError.swift in Sources */,
				BF8BFCD1229E425F0035AB90 /* MoviesOutput.swift in Sources */,
				BF8BFCD2229E425F0035AB90 /* MoviesViewModel.swift in Sources */,
				BF8BFCA7229E2DFF0035AB90 /* CRAGenericCollectionCellProtocol.swift in Sources */,
				BFD2E00E229D0131008EC33D /* CRAKeyNamespaceable.swift in Sources */,
				BFD2DFF9229D00DB008EC33D /* SegueIdentifiable+UIViewController.swift in Sources */,
				BF8BFCCE229E425F0035AB90 /* MoviesProtocols.swift in Sources */,
				BF8BFCBB229E41140035AB90 /* CRANestedCollectionViewRowCellDelegate.swift in Sources */,
				BF8BFC9E229DEA120035AB90 /* StoryboardIdentifiable++.swift in Sources */,
				BFD2DFE8229CFD68008EC33D /* CRANestedCollectionViewController.swift in Sources */,
				BF256DB3229CD77900794D56 /* AppDelegate.swift in Sources */,
				BFB7B72F229DE13B001CCD49 /* CRADiskCache.swift in Sources */,
				BF8BFCCB229E425F0035AB90 /* MoviesRouter.swift in Sources */,
				BF8BFCE6229E462F0035AB90 /* NavigationProtocols.swift in Sources */,
				BFD2E00A229D00E6008EC33D /* StoryboardIdentifiable.swift in Sources */,
				BF8BFCE3229E462F0035AB90 /* NavigationRouter.swift in Sources */,
				BF8BFCD0229E425F0035AB90 /* MoviesInteractor.swift in Sources */,
				BFD2E021229D0221008EC33D /* CRANetworkingRequest.swift in Sources */,
				BFD2E022229D0221008EC33D /* CRANetworkingRequestValidation.swift in Sources */,
				BFD2E006229D00E6008EC33D /* UIStoryboardSegue+StoryboardIdentifiable.swift in Sources */,
				BFD2DFE7229CFD68008EC33D /* CRANestedCollectionViewItemCell.swift in Sources */,
				BF8BFCA0229E1B250035AB90 /* CRANetworkingProviderResponse.swift in Sources */,
				BFD2E007229D00E6008EC33D /* UICollectionView+StoryboardIdentifiable.swift in Sources */,
				BFD2E015229D01BE008EC33D /* CRANetworkingProviderError.swift in Sources */,
				BFB7B72B229DCC34001CCD49 /* UIImageView+MemoryCache.swift in Sources */,
				BF8BFCB2229E3AD50035AB90 /* CRANestedCollectionViewDataSource.swift in Sources */,
				BFD2E004229D00E6008EC33D /* UIStoryboard+StoryboardIdentifiable.swift in Sources */,
				BFD2E014229D01BE008EC33D /* CRANetworkingProvider.swift in Sources */,
				BF8BFCCA229E425F0035AB90 /* MoviesPresenter.swift in Sources */,
				BF8BFCAA229E2E490035AB90 /* CRAGenericTableViewSource.swift in Sources */,
				BFB7B728229DC85D001CCD49 /* CRAMemoryCache.swift in Sources */,
				BF8BFCC9229E425F0035AB90 /* MoviesInput.swift in Sources */,
				BF8BFD30229F52DB0035AB90 /* CRANavigationDropdownCell.swift in Sources */,
				BF8BFCB9229E41010035AB90 /* CRANestedCollectionViewRowCellDataSource.swift in Sources */,
				BF8BFCD4229E45190035AB90 /* UIStoryboard+Identifiers.swift in Sources */,
				BFD2E020229D0221008EC33D /* CRANetworkingRequestHTTPMethod.swift in Sources */,
				BFD2DFF2229D0022008EC33D /* Array++.swift in Sources */,
			);
			runOnlyForDeploymentPostprocessing = 0;
		};
		BF256DC2229CD77A00794D56 /* Sources */ = {
			isa = PBXSourcesBuildPhase;
			buildActionMask = 2147483647;
			files = (
				BF256DCB229CD77A00794D56 /* FilmsTests.swift in Sources */,
			);
			runOnlyForDeploymentPostprocessing = 0;
		};
		BF256DCD229CD77A00794D56 /* Sources */ = {
			isa = PBXSourcesBuildPhase;
			buildActionMask = 2147483647;
			files = (
				BF256DD6229CD77A00794D56 /* FilmsUITests.swift in Sources */,
			);
			runOnlyForDeploymentPostprocessing = 0;
		};
/* End PBXSourcesBuildPhase section */

/* Begin PBXTargetDependency section */
		BF256DC8229CD77A00794D56 /* PBXTargetDependency */ = {
			isa = PBXTargetDependency;
			target = BF256DAE229CD77800794D56 /* Films */;
			targetProxy = BF256DC7229CD77A00794D56 /* PBXContainerItemProxy */;
		};
		BF256DD3229CD77A00794D56 /* PBXTargetDependency */ = {
			isa = PBXTargetDependency;
			target = BF256DAE229CD77800794D56 /* Films */;
			targetProxy = BF256DD2229CD77A00794D56 /* PBXContainerItemProxy */;
		};
/* End PBXTargetDependency section */

/* Begin PBXVariantGroup section */
		BF256DBE229CD77A00794D56 /* Launch.storyboard */ = {
			isa = PBXVariantGroup;
			children = (
				BF256DBF229CD77A00794D56 /* Base */,
			);
			name = Launch.storyboard;
			sourceTree = "<group>";
		};
/* End PBXVariantGroup section */

/* Begin XCBuildConfiguration section */
		BF256DD8229CD77A00794D56 /* Debug */ = {
			isa = XCBuildConfiguration;
			buildSettings = {
				ALWAYS_SEARCH_USER_PATHS = NO;
				CLANG_ANALYZER_NONNULL = YES;
				CLANG_ANALYZER_NUMBER_OBJECT_CONVERSION = YES_AGGRESSIVE;
				CLANG_CXX_LANGUAGE_STANDARD = "gnu++14";
				CLANG_CXX_LIBRARY = "libc++";
				CLANG_ENABLE_MODULES = YES;
				CLANG_ENABLE_OBJC_ARC = YES;
				CLANG_ENABLE_OBJC_WEAK = YES;
				CLANG_WARN_BLOCK_CAPTURE_AUTORELEASING = YES;
				CLANG_WARN_BOOL_CONVERSION = YES;
				CLANG_WARN_COMMA = YES;
				CLANG_WARN_CONSTANT_CONVERSION = YES;
				CLANG_WARN_DEPRECATED_OBJC_IMPLEMENTATIONS = YES;
				CLANG_WARN_DIRECT_OBJC_ISA_USAGE = YES_ERROR;
				CLANG_WARN_DOCUMENTATION_COMMENTS = YES;
				CLANG_WARN_EMPTY_BODY = YES;
				CLANG_WARN_ENUM_CONVERSION = YES;
				CLANG_WARN_INFINITE_RECURSION = YES;
				CLANG_WARN_INT_CONVERSION = YES;
				CLANG_WARN_NON_LITERAL_NULL_CONVERSION = YES;
				CLANG_WARN_OBJC_IMPLICIT_RETAIN_SELF = YES;
				CLANG_WARN_OBJC_LITERAL_CONVERSION = YES;
				CLANG_WARN_OBJC_ROOT_CLASS = YES_ERROR;
				CLANG_WARN_RANGE_LOOP_ANALYSIS = YES;
				CLANG_WARN_STRICT_PROTOTYPES = YES;
				CLANG_WARN_SUSPICIOUS_MOVE = YES;
				CLANG_WARN_UNGUARDED_AVAILABILITY = YES_AGGRESSIVE;
				CLANG_WARN_UNREACHABLE_CODE = YES;
				CLANG_WARN__DUPLICATE_METHOD_MATCH = YES;
				CODE_SIGN_IDENTITY = "iPhone Developer";
				COPY_PHASE_STRIP = NO;
				DEBUG_INFORMATION_FORMAT = dwarf;
				ENABLE_STRICT_OBJC_MSGSEND = YES;
				ENABLE_TESTABILITY = YES;
				GCC_C_LANGUAGE_STANDARD = gnu11;
				GCC_DYNAMIC_NO_PIC = NO;
				GCC_NO_COMMON_BLOCKS = YES;
				GCC_OPTIMIZATION_LEVEL = 0;
				GCC_PREPROCESSOR_DEFINITIONS = (
					"DEBUG=1",
					"$(inherited)",
				);
				GCC_WARN_64_TO_32_BIT_CONVERSION = YES;
				GCC_WARN_ABOUT_RETURN_TYPE = YES_ERROR;
				GCC_WARN_UNDECLARED_SELECTOR = YES;
				GCC_WARN_UNINITIALIZED_AUTOS = YES_AGGRESSIVE;
				GCC_WARN_UNUSED_FUNCTION = YES;
				GCC_WARN_UNUSED_VARIABLE = YES;
				IPHONEOS_DEPLOYMENT_TARGET = 12.2;
				MTL_ENABLE_DEBUG_INFO = INCLUDE_SOURCE;
				MTL_FAST_MATH = YES;
				ONLY_ACTIVE_ARCH = YES;
				SDKROOT = iphoneos;
				SWIFT_ACTIVE_COMPILATION_CONDITIONS = DEBUG;
				SWIFT_OPTIMIZATION_LEVEL = "-Onone";
			};
			name = Debug;
		};
		BF256DD9229CD77A00794D56 /* Release */ = {
			isa = XCBuildConfiguration;
			buildSettings = {
				ALWAYS_SEARCH_USER_PATHS = NO;
				CLANG_ANALYZER_NONNULL = YES;
				CLANG_ANALYZER_NUMBER_OBJECT_CONVERSION = YES_AGGRESSIVE;
				CLANG_CXX_LANGUAGE_STANDARD = "gnu++14";
				CLANG_CXX_LIBRARY = "libc++";
				CLANG_ENABLE_MODULES = YES;
				CLANG_ENABLE_OBJC_ARC = YES;
				CLANG_ENABLE_OBJC_WEAK = YES;
				CLANG_WARN_BLOCK_CAPTURE_AUTORELEASING = YES;
				CLANG_WARN_BOOL_CONVERSION = YES;
				CLANG_WARN_COMMA = YES;
				CLANG_WARN_CONSTANT_CONVERSION = YES;
				CLANG_WARN_DEPRECATED_OBJC_IMPLEMENTATIONS = YES;
				CLANG_WARN_DIRECT_OBJC_ISA_USAGE = YES_ERROR;
				CLANG_WARN_DOCUMENTATION_COMMENTS = YES;
				CLANG_WARN_EMPTY_BODY = YES;
				CLANG_WARN_ENUM_CONVERSION = YES;
				CLANG_WARN_INFINITE_RECURSION = YES;
				CLANG_WARN_INT_CONVERSION = YES;
				CLANG_WARN_NON_LITERAL_NULL_CONVERSION = YES;
				CLANG_WARN_OBJC_IMPLICIT_RETAIN_SELF = YES;
				CLANG_WARN_OBJC_LITERAL_CONVERSION = YES;
				CLANG_WARN_OBJC_ROOT_CLASS = YES_ERROR;
				CLANG_WARN_RANGE_LOOP_ANALYSIS = YES;
				CLANG_WARN_STRICT_PROTOTYPES = YES;
				CLANG_WARN_SUSPICIOUS_MOVE = YES;
				CLANG_WARN_UNGUARDED_AVAILABILITY = YES_AGGRESSIVE;
				CLANG_WARN_UNREACHABLE_CODE = YES;
				CLANG_WARN__DUPLICATE_METHOD_MATCH = YES;
				CODE_SIGN_IDENTITY = "iPhone Developer";
				COPY_PHASE_STRIP = NO;
				DEBUG_INFORMATION_FORMAT = "dwarf-with-dsym";
				ENABLE_NS_ASSERTIONS = NO;
				ENABLE_STRICT_OBJC_MSGSEND = YES;
				GCC_C_LANGUAGE_STANDARD = gnu11;
				GCC_NO_COMMON_BLOCKS = YES;
				GCC_WARN_64_TO_32_BIT_CONVERSION = YES;
				GCC_WARN_ABOUT_RETURN_TYPE = YES_ERROR;
				GCC_WARN_UNDECLARED_SELECTOR = YES;
				GCC_WARN_UNINITIALIZED_AUTOS = YES_AGGRESSIVE;
				GCC_WARN_UNUSED_FUNCTION = YES;
				GCC_WARN_UNUSED_VARIABLE = YES;
				IPHONEOS_DEPLOYMENT_TARGET = 12.2;
				MTL_ENABLE_DEBUG_INFO = NO;
				MTL_FAST_MATH = YES;
				SDKROOT = iphoneos;
				SWIFT_COMPILATION_MODE = wholemodule;
				SWIFT_OPTIMIZATION_LEVEL = "-O";
				VALIDATE_PRODUCT = YES;
			};
			name = Release;
		};
		BF256DDB229CD77A00794D56 /* Debug */ = {
			isa = XCBuildConfiguration;
			buildSettings = {
				ASSETCATALOG_COMPILER_APPICON_NAME = AppIcon;
				CODE_SIGN_STYLE = Automatic;
				DEVELOPMENT_TEAM = 8T6KWW939D;
				INFOPLIST_FILE = "$(SRCROOT)/Films/Storage/Info.plist";
				LD_RUNPATH_SEARCH_PATHS = (
					"$(inherited)",
					"@executable_path/Frameworks",
				);
				PRODUCT_BUNDLE_IDENTIFIER = com.christianampe.Films;
				PRODUCT_NAME = "$(TARGET_NAME)";
				SWIFT_VERSION = 5.0;
				TARGETED_DEVICE_FAMILY = "1,2";
			};
			name = Debug;
		};
		BF256DDC229CD77A00794D56 /* Release */ = {
			isa = XCBuildConfiguration;
			buildSettings = {
				ASSETCATALOG_COMPILER_APPICON_NAME = AppIcon;
				CODE_SIGN_STYLE = Automatic;
				DEVELOPMENT_TEAM = 8T6KWW939D;
				INFOPLIST_FILE = "$(SRCROOT)/Films/Storage/Info.plist";
				LD_RUNPATH_SEARCH_PATHS = (
					"$(inherited)",
					"@executable_path/Frameworks",
				);
				PRODUCT_BUNDLE_IDENTIFIER = com.christianampe.Films;
				PRODUCT_NAME = "$(TARGET_NAME)";
				SWIFT_VERSION = 5.0;
				TARGETED_DEVICE_FAMILY = "1,2";
			};
			name = Release;
		};
		BF256DDE229CD77A00794D56 /* Debug */ = {
			isa = XCBuildConfiguration;
			buildSettings = {
				ALWAYS_EMBED_SWIFT_STANDARD_LIBRARIES = YES;
				BUNDLE_LOADER = "$(TEST_HOST)";
				CODE_SIGN_STYLE = Automatic;
				DEVELOPMENT_TEAM = 8T6KWW939D;
				INFOPLIST_FILE = FilmsTests/Info.plist;
				LD_RUNPATH_SEARCH_PATHS = (
					"$(inherited)",
					"@executable_path/Frameworks",
					"@loader_path/Frameworks",
				);
				PRODUCT_BUNDLE_IDENTIFIER = com.christianampe.FilmsTests;
				PRODUCT_NAME = "$(TARGET_NAME)";
				SWIFT_VERSION = 5.0;
				TARGETED_DEVICE_FAMILY = "1,2";
				TEST_HOST = "$(BUILT_PRODUCTS_DIR)/Films.app/Films";
			};
			name = Debug;
		};
		BF256DDF229CD77A00794D56 /* Release */ = {
			isa = XCBuildConfiguration;
			buildSettings = {
				ALWAYS_EMBED_SWIFT_STANDARD_LIBRARIES = YES;
				BUNDLE_LOADER = "$(TEST_HOST)";
				CODE_SIGN_STYLE = Automatic;
				DEVELOPMENT_TEAM = 8T6KWW939D;
				INFOPLIST_FILE = FilmsTests/Info.plist;
				LD_RUNPATH_SEARCH_PATHS = (
					"$(inherited)",
					"@executable_path/Frameworks",
					"@loader_path/Frameworks",
				);
				PRODUCT_BUNDLE_IDENTIFIER = com.christianampe.FilmsTests;
				PRODUCT_NAME = "$(TARGET_NAME)";
				SWIFT_VERSION = 5.0;
				TARGETED_DEVICE_FAMILY = "1,2";
				TEST_HOST = "$(BUILT_PRODUCTS_DIR)/Films.app/Films";
			};
			name = Release;
		};
		BF256DE1229CD77A00794D56 /* Debug */ = {
			isa = XCBuildConfiguration;
			buildSettings = {
				ALWAYS_EMBED_SWIFT_STANDARD_LIBRARIES = YES;
				CODE_SIGN_STYLE = Automatic;
				DEVELOPMENT_TEAM = 8T6KWW939D;
				INFOPLIST_FILE = FilmsUITests/Info.plist;
				LD_RUNPATH_SEARCH_PATHS = (
					"$(inherited)",
					"@executable_path/Frameworks",
					"@loader_path/Frameworks",
				);
				PRODUCT_BUNDLE_IDENTIFIER = com.christianampe.FilmsUITests;
				PRODUCT_NAME = "$(TARGET_NAME)";
				SWIFT_VERSION = 5.0;
				TARGETED_DEVICE_FAMILY = "1,2";
				TEST_TARGET_NAME = Films;
			};
			name = Debug;
		};
		BF256DE2229CD77A00794D56 /* Release */ = {
			isa = XCBuildConfiguration;
			buildSettings = {
				ALWAYS_EMBED_SWIFT_STANDARD_LIBRARIES = YES;
				CODE_SIGN_STYLE = Automatic;
				DEVELOPMENT_TEAM = 8T6KWW939D;
				INFOPLIST_FILE = FilmsUITests/Info.plist;
				LD_RUNPATH_SEARCH_PATHS = (
					"$(inherited)",
					"@executable_path/Frameworks",
					"@loader_path/Frameworks",
				);
				PRODUCT_BUNDLE_IDENTIFIER = com.christianampe.FilmsUITests;
				PRODUCT_NAME = "$(TARGET_NAME)";
				SWIFT_VERSION = 5.0;
				TARGETED_DEVICE_FAMILY = "1,2";
				TEST_TARGET_NAME = Films;
			};
			name = Release;
		};
/* End XCBuildConfiguration section */

/* Begin XCConfigurationList section */
		BF256DAA229CD77800794D56 /* Build configuration list for PBXProject "Films" */ = {
			isa = XCConfigurationList;
			buildConfigurations = (
				BF256DD8229CD77A00794D56 /* Debug */,
				BF256DD9229CD77A00794D56 /* Release */,
			);
			defaultConfigurationIsVisible = 0;
			defaultConfigurationName = Release;
		};
		BF256DDA229CD77A00794D56 /* Build configuration list for PBXNativeTarget "Films" */ = {
			isa = XCConfigurationList;
			buildConfigurations = (
				BF256DDB229CD77A00794D56 /* Debug */,
				BF256DDC229CD77A00794D56 /* Release */,
			);
			defaultConfigurationIsVisible = 0;
			defaultConfigurationName = Release;
		};
		BF256DDD229CD77A00794D56 /* Build configuration list for PBXNativeTarget "FilmsTests" */ = {
			isa = XCConfigurationList;
			buildConfigurations = (
				BF256DDE229CD77A00794D56 /* Debug */,
				BF256DDF229CD77A00794D56 /* Release */,
			);
			defaultConfigurationIsVisible = 0;
			defaultConfigurationName = Release;
		};
		BF256DE0229CD77A00794D56 /* Build configuration list for PBXNativeTarget "FilmsUITests" */ = {
			isa = XCConfigurationList;
			buildConfigurations = (
				BF256DE1229CD77A00794D56 /* Debug */,
				BF256DE2229CD77A00794D56 /* Release */,
			);
			defaultConfigurationIsVisible = 0;
			defaultConfigurationName = Release;
		};
/* End XCConfigurationList section */

/* Begin XCVersionGroup section */
		BF256DB9229CD77900794D56 /* Films.xcdatamodeld */ = {
			isa = XCVersionGroup;
			children = (
				BF256DBA229CD77900794D56 /* Films.xcdatamodel */,
			);
			currentVersion = BF256DBA229CD77900794D56 /* Films.xcdatamodel */;
			path = Films.xcdatamodeld;
			sourceTree = "<group>";
			versionGroupType = wrapper.xcdatamodel;
		};
/* End XCVersionGroup section */
	};
	rootObject = BF256DA7229CD77800794D56 /* Project object */;
}
